
Microsoft Visual Studio Solution File, Format Version 12.00
# Visual Studio Version 17
VisualStudioVersion = 17.5.33530.505
MinimumVisualStudioVersion = 10.0.40219.1
Project("{9A19103F-16F7-4668-BE54-9A1E7A4F7556}") = "EFCoreMySql", "EFCoreMySql.csproj", "{D1F36EE0-288A-4265-8599-3093EEE49F2A}"
EndProject
Project("{FAE04EC0-301F-11D3-BF4B-00C04F79EFBC}") = "DelegateTypes", "..\DelegateTypes\DelegateTypes.csproj", "{FC5738FD-FF4A-46EA-908F-985B2D0547B5}"
EndProject
Global
	GlobalSection(SolutionConfigurationPlatforms) = preSolution
		Debug|Any CPU = Debug|Any CPU
		Release|Any CPU = Release|Any CPU
	EndGlobalSection
	GlobalSection(ProjectConfigurationPlatforms) = postSolution
		{D1F36EE0-288A-4265-8599-3093EEE49F2A}.Debug|Any CPU.ActiveCfg = Debug|Any CPU
		{D1F36EE0-288A-4265-8599-3093EEE49F2A}.Debug|Any CPU.Build.0 = Debug|Any CPU
		{D1F36EE0-288A-4265-8599-3093EEE49F2A}.Release|Any CPU.ActiveCfg = Release|Any CPU
		{D1F36EE0-288A-4265-8599-3093EEE49F2A}.Release|Any CPU.Build.0 = Release|Any CPU
		{FC5738FD-FF4A-46EA-908F-985B2D0547B5}.Debug|Any CPU.ActiveCfg = Debug|Any CPU
		{FC5738FD-FF4A-46EA-908F-985B2D0547B5}.Debug|Any CPU.Build.0 = Debug|Any CPU
		{FC5738FD-FF4A-46EA-908F-985B2D0547B5}.Release|Any CPU.ActiveCfg = Release|Any CPU
		{FC5738FD-FF4A-46EA-908F-985B2D0547B5}.Release|Any CPU.Build.0 = Release|Any CPU
	EndGlobalSection
	GlobalSection(SolutionProperties) = preSolution
		HideSolutionNode = FALSE
	EndGlobalSection
	GlobalSection(ExtensibilityGlobals) = postSolution
		SolutionGuid = {9AB4B2C3-E581-4AC9-BC22-0DEF3EB436DF}
	EndGlobalSection
EndGlobal
